
Microsoft Visual Studio Solution File, Format Version 12.00
# Visual Studio Version 17
VisualStudioVersion = 17.8.34316.72
MinimumVisualStudioVersion = 10.0.40219.1
Project("{FAE04EC0-301F-11D3-BF4B-00C04F79EFBC}") = "19. Classes and Objects C#", "19. Classes and Objects C#.csproj", "{6F27AFA6-258F-4642-B027-62FD96EAA7C6}"
EndProject
Global
	GlobalSection(SolutionConfigurationPlatforms) = preSolution
		Debug|Any CPU = Debug|Any CPU
		Release|Any CPU = Release|Any CPU
	EndGlobalSection
	GlobalSection(ProjectConfigurationPlatforms) = postSolution
		{6F27AFA6-258F-4642-B027-62FD96EAA7C6}.Debug|Any CPU.ActiveCfg = Debug|Any CPU
		{6F27AFA6-258F-4642-B027-62FD96EAA7C6}.Debug|Any CPU.Build.0 = Debug|Any CPU
		{6F27AFA6-258F-4642-B027-62FD96EAA7C6}.Release|Any CPU.ActiveCfg = Release|Any CPU
		{6F27AFA6-258F-4642-B027-62FD96EAA7C6}.Release|Any CPU.Build.0 = Release|Any CPU
	EndGlobalSection
	GlobalSection(SolutionProperties) = preSolution
		HideSolutionNode = FALSE
	EndGlobalSection
	GlobalSection(ExtensibilityGlobals) = postSolution
		SolutionGuid = {EA380526-0DDD-4B23-8F55-9C0C13567E4A}
	EndGlobalSection
EndGlobal
